
Microsoft Visual Studio Solution File, Format Version 12.00
# Visual Studio Version 16
VisualStudioVersion = 16.0.31402.337
MinimumVisualStudioVersion = 10.0.40219.1
Project("{FAE04EC0-301F-11D3-BF4B-00C04F79EFBC}") = "EmpolyeeTable", "EmpolyeeTable.csproj", "{A6EEA736-B29F-45D4-AAC7-ACA7752B498E}"
EndProject
Global
	GlobalSection(SolutionConfigurationPlatforms) = preSolution
		Debug|Any CPU = Debug|Any CPU
		Release|Any CPU = Release|Any CPU
	EndGlobalSection
	GlobalSection(ProjectConfigurationPlatforms) = postSolution
		{A6EEA736-B29F-45D4-AAC7-ACA7752B498E}.Debug|Any CPU.ActiveCfg = Debug|Any CPU
		{A6EEA736-B29F-45D4-AAC7-ACA7752B498E}.Debug|Any CPU.Build.0 = Debug|Any CPU
		{A6EEA736-B29F-45D4-AAC7-ACA7752B498E}.Release|Any CPU.ActiveCfg = Release|Any CPU
		{A6EEA736-B29F-45D4-AAC7-ACA7752B498E}.Release|Any CPU.Build.0 = Release|Any CPU
	EndGlobalSection
	GlobalSection(SolutionProperties) = preSolution
		HideSolutionNode = FALSE
	EndGlobalSection
	GlobalSection(ExtensibilityGlobals) = postSolution
		SolutionGuid = {861C1CC4-9CDA-4D36-8E8B-F7CBA7F0EDCC}
	EndGlobalSection
EndGlobal
