
Microsoft Visual Studio Solution File, Format Version 12.00
# Visual Studio Version 16
VisualStudioVersion = 16.0.31402.337
MinimumVisualStudioVersion = 10.0.40219.1
Project("{FAE04EC0-301F-11D3-BF4B-00C04F79EFBC}") = "Encapsulation form", "Encapsulation form.csproj", "{4165DE66-01D8-4E62-9124-6297E5F690E4}"
EndProject
Global
	GlobalSection(SolutionConfigurationPlatforms) = preSolution
		Debug|Any CPU = Debug|Any CPU
		Release|Any CPU = Release|Any CPU
	EndGlobalSection
	GlobalSection(ProjectConfigurationPlatforms) = postSolution
		{4165DE66-01D8-4E62-9124-6297E5F690E4}.Debug|Any CPU.ActiveCfg = Debug|Any CPU
		{4165DE66-01D8-4E62-9124-6297E5F690E4}.Debug|Any CPU.Build.0 = Debug|Any CPU
		{4165DE66-01D8-4E62-9124-6297E5F690E4}.Release|Any CPU.ActiveCfg = Release|Any CPU
		{4165DE66-01D8-4E62-9124-6297E5F690E4}.Release|Any CPU.Build.0 = Release|Any CPU
	EndGlobalSection
	GlobalSection(SolutionProperties) = preSolution
		HideSolutionNode = FALSE
	EndGlobalSection
	GlobalSection(ExtensibilityGlobals) = postSolution
		SolutionGuid = {098EDD90-62D2-4D8C-B112-C18B8A13E623}
	EndGlobalSection
EndGlobal
